
Microsoft Visual Studio Solution File, Format Version 12.00
# Visual Studio Version 17
VisualStudioVersion = 17.8.34330.188
MinimumVisualStudioVersion = 10.0.40219.1
Project("{8BC9CEB8-8B4A-11D0-8D11-00A0C91BC942}") = "LEDStrip", "LEDStrip.vcxproj", "{C5F80730-F44F-4478-BDAE-6634EFC2CA88}"
EndProject
Project("{8BC9CEB8-8B4A-11D0-8D11-00A0C91BC942}") = "WS2812FX-1.4.2", "..\..\..\..\Users\garet\OneDrive\Documents\Arduino\libraries\WS2812FX\WS2812FX-1.4.2.vcxitems", "{B399BE81-B494-4800-959D-53966A266120}"
EndProject
Project("{8BC9CEB8-8B4A-11D0-8D11-00A0C91BC942}") = "Adafruit_NeoPixel-1.12.0", "..\..\..\..\Users\garet\OneDrive\Documents\Arduino\libraries\Adafruit_NeoPixel\Adafruit_NeoPixel-1.12.0.vcxitems", "{82C19F80-FF69-40EC-B666-EE0F96158879}"
EndProject
Project("{8BC9CEB8-8B4A-11D0-8D11-00A0C91BC942}") = "ArduinoJson-7.0.2", "..\..\..\..\Users\garet\OneDrive\Documents\Arduino\libraries\ArduinoJson\ArduinoJson-7.0.2.vcxitems", "{4FE17F5E-A876-4A4D-AF22-F17C4381B329}"
EndProject
Project("{8BC9CEB8-8B4A-11D0-8D11-00A0C91BC942}") = "WiFi-2.0.0", "..\..\..\..\Users\garet\AppData\Local\arduino15\packages\esp32\hardware\esp32\2.0.11\libraries\WiFi\WiFi-2.0.0.vcxitems", "{671ACF45-E371-4AD9-A8A8-E26DCE6C6494}"
EndProject
Project("{8BC9CEB8-8B4A-11D0-8D11-00A0C91BC942}") = "AsyncTCP-1.1.4", "..\..\..\..\Users\garet\OneDrive\Documents\Arduino\libraries\AsyncTCP\AsyncTCP-1.1.4.vcxitems", "{0422BCDC-1EBC-46A6-9C17-0AC0B6DAE5B8}"
EndProject
Project("{8BC9CEB8-8B4A-11D0-8D11-00A0C91BC942}") = "SPIFFS-2.0.0", "..\..\..\..\Users\garet\AppData\Local\arduino15\packages\esp32\hardware\esp32\2.0.11\libraries\SPIFFS\SPIFFS-2.0.0.vcxitems", "{625C8156-42A6-4176-90B7-13234B22F95A}"
EndProject
Project("{8BC9CEB8-8B4A-11D0-8D11-00A0C91BC942}") = "EEPROM-2.0.0", "..\..\..\..\Users\garet\AppData\Local\arduino15\packages\esp32\hardware\esp32\2.0.11\libraries\EEPROM\EEPROM-2.0.0.vcxitems", "{0570B7E4-56A3-443D-9021-3D955446FE9C}"
EndProject
Project("{8BC9CEB8-8B4A-11D0-8D11-00A0C91BC942}") = "FS-2.0.0", "..\..\..\..\Users\garet\AppData\Local\arduino15\packages\esp32\hardware\esp32\2.0.11\libraries\FS\FS-2.0.0.vcxitems", "{195663D0-5D10-4D0D-915C-FD573EC739D1}"
EndProject
Project("{8BC9CEB8-8B4A-11D0-8D11-00A0C91BC942}") = "ESPAsyncWebSrv-1.2.7", "..\..\..\..\Users\garet\OneDrive\Documents\Arduino\libraries\ESPAsyncWebSrv\ESPAsyncWebSrv-1.2.7.vcxitems", "{C342F1EE-077D-45B2-BF75-7DA35E6E2110}"
EndProject
Project("{8BC9CEB8-8B4A-11D0-8D11-00A0C91BC942}") = "Update-2.0.0", "..\..\..\..\Users\garet\AppData\Local\arduino15\packages\esp32\hardware\esp32\2.0.11\libraries\Update\Update-2.0.0.vcxitems", "{39361C08-7501-49EB-A2BF-978F58C0EEE4}"
EndProject
Project("{8BC9CEB8-8B4A-11D0-8D11-00A0C91BC942}") = "ESPmDNS-2.0.0", "..\..\..\..\Users\garet\AppData\Local\arduino15\packages\esp32\hardware\esp32\2.0.11\libraries\ESPmDNS\ESPmDNS-2.0.0.vcxitems", "{640BF416-80C3-4504-9CF0-1C61B036A624}"
EndProject
Project("{8BC9CEB8-8B4A-11D0-8D11-00A0C91BC942}") = "ArduinoOTA-2.0.0", "..\..\..\..\Users\garet\AppData\Local\arduino15\packages\esp32\hardware\esp32\2.0.11\libraries\ArduinoOTA\ArduinoOTA-2.0.0.vcxitems", "{B31E6EB9-7181-47C7-91F8-DB3F13E0DE7A}"
EndProject
Project("{8BC9CEB8-8B4A-11D0-8D11-00A0C91BC942}") = "Wire-2.0.0", "..\..\..\..\Users\garet\AppData\Local\arduino15\packages\esp32\hardware\esp32\2.0.11\libraries\Wire\Wire-2.0.0.vcxitems", "{763D6884-7BA5-460E-B527-D6A644C9733B}"
EndProject
Project("{8BC9CEB8-8B4A-11D0-8D11-00A0C91BC942}") = "SPI-2.0.0", "..\..\..\..\Users\garet\AppData\Local\arduino15\packages\esp32\hardware\esp32\2.0.11\libraries\SPI\SPI-2.0.0.vcxitems", "{F5B4F1C9-B41E-4022-B3E3-E5AEF51CB4C0}"
EndProject
Project("{8BC9CEB8-8B4A-11D0-8D11-00A0C91BC942}") = "Adafruit_GFX_Library-1.11.9", "..\..\..\..\Users\garet\OneDrive\Documents\Arduino\libraries\Adafruit_GFX_Library\Adafruit_GFX_Library-1.11.9.vcxitems", "{E543A3F1-F893-4334-8F36-C229405EE264}"
EndProject
Project("{8BC9CEB8-8B4A-11D0-8D11-00A0C91BC942}") = "Adafruit_SSD1306-2.5.9", "..\..\..\..\Users\garet\OneDrive\Documents\Arduino\libraries\Adafruit_SSD1306\Adafruit_SSD1306-2.5.9.vcxitems", "{D9237352-F555-44CA-A5E7-18CB89A3056C}"
EndProject
Project("{8BC9CEB8-8B4A-11D0-8D11-00A0C91BC942}") = "MD_MAX72XX-3.5.1", "..\..\..\..\Users\garet\OneDrive\Documents\Arduino\libraries\MD_MAX72XX\MD_MAX72XX-3.5.1.vcxitems", "{2DC15C35-91A4-4656-AE9C-EBDDF89CCE15}"
EndProject
Project("{8BC9CEB8-8B4A-11D0-8D11-00A0C91BC942}") = "MD_MAXPanel-1.4.0", "..\..\..\..\Users\garet\OneDrive\Documents\Arduino\libraries\MD_MAXPanel\MD_MAXPanel-1.4.0.vcxitems", "{EA873A34-0C86-4C15-AA29-AFDA7ED6F97C}"
EndProject
Project("{8BC9CEB8-8B4A-11D0-8D11-00A0C91BC942}") = "Adafruit_BusIO-1.15.0", "..\..\..\..\Users\garet\OneDrive\Documents\Arduino\libraries\Adafruit_BusIO\Adafruit_BusIO-1.15.0.vcxitems", "{74F62DA7-1A78-4B00-B117-A4FC6B250A02}"
EndProject
Project("{8BC9CEB8-8B4A-11D0-8D11-00A0C91BC942}") = "IguanaLib-1.0", "..\..\..\..\Users\garet\OneDrive\Documents\Arduino\libraries\IguanaLib\IguanaLib-1.0.vcxitems", "{68497EA8-C980-4019-A2EA-BF4C162D4BCD}"
EndProject
Global
	GlobalSection(SolutionConfigurationPlatforms) = preSolution
		Debug|x86 = Debug|x86
		Release|x86 = Release|x86
	EndGlobalSection
	GlobalSection(ProjectConfigurationPlatforms) = postSolution
		{C5F80730-F44F-4478-BDAE-6634EFC2CA88}.Debug|x86.ActiveCfg = Debug|Win32
		{C5F80730-F44F-4478-BDAE-6634EFC2CA88}.Debug|x86.Build.0 = Debug|Win32
		{C5F80730-F44F-4478-BDAE-6634EFC2CA88}.Release|x86.ActiveCfg = Release|Win32
		{C5F80730-F44F-4478-BDAE-6634EFC2CA88}.Release|x86.Build.0 = Release|Win32
	EndGlobalSection
	GlobalSection(SolutionProperties) = preSolution
		HideSolutionNode = FALSE
	EndGlobalSection
	GlobalSection(ExtensibilityGlobals) = postSolution
		SolutionGuid = {1A58CF81-31E0-4B84-A841-9E2A319AC2D8}
	EndGlobalSection
	GlobalSection(SharedMSBuildProjectFiles) = preSolution
		..\..\..\..\Users\garet\OneDrive\Documents\Arduino\libraries\AsyncTCP\AsyncTCP-1.1.4.vcxitems*{0422bcdc-1ebc-46a6-9c17-0ac0b6dae5b8}*SharedItemsImports = 9
		..\..\..\..\Users\garet\AppData\Local\arduino15\packages\esp32\hardware\esp32\2.0.11\libraries\EEPROM\EEPROM-2.0.0.vcxitems*{0570b7e4-56a3-443d-9021-3d955446fe9c}*SharedItemsImports = 9
		..\..\..\..\Users\garet\AppData\Local\arduino15\packages\esp32\hardware\esp32\2.0.11\libraries\FS\FS-2.0.0.vcxitems*{195663d0-5d10-4d0d-915c-fd573ec739d1}*SharedItemsImports = 9
		..\..\..\..\Users\garet\OneDrive\Documents\Arduino\libraries\MD_MAX72XX\MD_MAX72XX-3.5.1.vcxitems*{2dc15c35-91a4-4656-ae9c-ebddf89cce15}*SharedItemsImports = 9
		..\..\..\..\Users\garet\AppData\Local\arduino15\packages\esp32\hardware\esp32\2.0.11\libraries\Update\Update-2.0.0.vcxitems*{39361c08-7501-49eb-a2bf-978f58c0eee4}*SharedItemsImports = 9
		..\..\..\..\Users\garet\OneDrive\Documents\Arduino\libraries\ArduinoJson\ArduinoJson-7.0.2.vcxitems*{4fe17f5e-a876-4a4d-af22-f17c4381b329}*SharedItemsImports = 9
		..\..\..\..\Users\garet\AppData\Local\arduino15\packages\esp32\hardware\esp32\2.0.11\libraries\SPIFFS\SPIFFS-2.0.0.vcxitems*{625c8156-42a6-4176-90b7-13234b22f95a}*SharedItemsImports = 9
		..\..\..\..\Users\garet\AppData\Local\arduino15\packages\esp32\hardware\esp32\2.0.11\libraries\ESPmDNS\ESPmDNS-2.0.0.vcxitems*{640bf416-80c3-4504-9cf0-1c61b036a624}*SharedItemsImports = 9
		..\..\..\..\Users\garet\AppData\Local\arduino15\packages\esp32\hardware\esp32\2.0.11\libraries\WiFi\WiFi-2.0.0.vcxitems*{671acf45-e371-4ad9-a8a8-e26dce6c6494}*SharedItemsImports = 9
		..\..\..\..\Users\garet\OneDrive\Documents\Arduino\libraries\IguanaLib\IguanaLib-1.0.vcxitems*{68497ea8-c980-4019-a2ea-bf4c162d4bcd}*SharedItemsImports = 9
		..\..\..\..\Users\garet\OneDrive\Documents\Arduino\libraries\Adafruit_BusIO\Adafruit_BusIO-1.15.0.vcxitems*{74f62da7-1a78-4b00-b117-a4fc6b250a02}*SharedItemsImports = 9
		..\..\..\..\Users\garet\AppData\Local\arduino15\packages\esp32\hardware\esp32\2.0.11\libraries\Wire\Wire-2.0.0.vcxitems*{763d6884-7ba5-460e-b527-d6a644c9733b}*SharedItemsImports = 9
		..\..\..\..\Users\garet\OneDrive\Documents\Arduino\libraries\Adafruit_NeoPixel\Adafruit_NeoPixel-1.12.0.vcxitems*{82c19f80-ff69-40ec-b666-ee0f96158879}*SharedItemsImports = 9
		..\..\..\..\Users\garet\AppData\Local\arduino15\packages\esp32\hardware\esp32\2.0.11\libraries\ArduinoOTA\ArduinoOTA-2.0.0.vcxitems*{b31e6eb9-7181-47c7-91f8-db3f13e0de7a}*SharedItemsImports = 9
		..\..\..\..\Users\garet\OneDrive\Documents\Arduino\libraries\WS2812FX\WS2812FX-1.4.2.vcxitems*{b399be81-b494-4800-959d-53966a266120}*SharedItemsImports = 9
		..\..\..\..\Users\garet\OneDrive\Documents\Arduino\libraries\ESPAsyncWebSrv\ESPAsyncWebSrv-1.2.7.vcxitems*{c342f1ee-077d-45b2-bf75-7da35e6e2110}*SharedItemsImports = 9
		..\..\..\..\Users\garet\AppData\Local\arduino15\packages\esp32\hardware\esp32\2.0.11\libraries\ArduinoOTA\ArduinoOTA-2.0.0.vcxitems*{c5f80730-f44f-4478-bdae-6634efc2ca88}*SharedItemsImports = 4
		..\..\..\..\Users\garet\AppData\Local\arduino15\packages\esp32\hardware\esp32\2.0.11\libraries\EEPROM\EEPROM-2.0.0.vcxitems*{c5f80730-f44f-4478-bdae-6634efc2ca88}*SharedItemsImports = 4
		..\..\..\..\Users\garet\AppData\Local\arduino15\packages\esp32\hardware\esp32\2.0.11\libraries\ESPmDNS\ESPmDNS-2.0.0.vcxitems*{c5f80730-f44f-4478-bdae-6634efc2ca88}*SharedItemsImports = 4
		..\..\..\..\Users\garet\AppData\Local\arduino15\packages\esp32\hardware\esp32\2.0.11\libraries\FS\FS-2.0.0.vcxitems*{c5f80730-f44f-4478-bdae-6634efc2ca88}*SharedItemsImports = 4
		..\..\..\..\Users\garet\AppData\Local\arduino15\packages\esp32\hardware\esp32\2.0.11\libraries\SPIFFS\SPIFFS-2.0.0.vcxitems*{c5f80730-f44f-4478-bdae-6634efc2ca88}*SharedItemsImports = 4
		..\..\..\..\Users\garet\AppData\Local\arduino15\packages\esp32\hardware\esp32\2.0.11\libraries\SPI\SPI-2.0.0.vcxitems*{c5f80730-f44f-4478-bdae-6634efc2ca88}*SharedItemsImports = 4
		..\..\..\..\Users\garet\AppData\Local\arduino15\packages\esp32\hardware\esp32\2.0.11\libraries\Update\Update-2.0.0.vcxitems*{c5f80730-f44f-4478-bdae-6634efc2ca88}*SharedItemsImports = 4
		..\..\..\..\Users\garet\AppData\Local\arduino15\packages\esp32\hardware\esp32\2.0.11\libraries\WiFi\WiFi-2.0.0.vcxitems*{c5f80730-f44f-4478-bdae-6634efc2ca88}*SharedItemsImports = 4
		..\..\..\..\Users\garet\AppData\Local\arduino15\packages\esp32\hardware\esp32\2.0.11\libraries\Wire\Wire-2.0.0.vcxitems*{c5f80730-f44f-4478-bdae-6634efc2ca88}*SharedItemsImports = 4
		..\..\..\..\Users\garet\OneDrive\Documents\Arduino\libraries\Adafruit_BusIO\Adafruit_BusIO-1.15.0.vcxitems*{c5f80730-f44f-4478-bdae-6634efc2ca88}*SharedItemsImports = 4
		..\..\..\..\Users\garet\OneDrive\Documents\Arduino\libraries\Adafruit_GFX_Library\Adafruit_GFX_Library-1.11.9.vcxitems*{c5f80730-f44f-4478-bdae-6634efc2ca88}*SharedItemsImports = 4
		..\..\..\..\Users\garet\OneDrive\Documents\Arduino\libraries\Adafruit_NeoPixel\Adafruit_NeoPixel-1.12.0.vcxitems*{c5f80730-f44f-4478-bdae-6634efc2ca88}*SharedItemsImports = 4
		..\..\..\..\Users\garet\OneDrive\Documents\Arduino\libraries\Adafruit_SSD1306\Adafruit_SSD1306-2.5.9.vcxitems*{c5f80730-f44f-4478-bdae-6634efc2ca88}*SharedItemsImports = 4
		..\..\..\..\Users\garet\OneDrive\Documents\Arduino\libraries\ArduinoJson\ArduinoJson-7.0.2.vcxitems*{c5f80730-f44f-4478-bdae-6634efc2ca88}*SharedItemsImports = 4
		..\..\..\..\Users\garet\OneDrive\Documents\Arduino\libraries\AsyncTCP\AsyncTCP-1.1.4.vcxitems*{c5f80730-f44f-4478-bdae-6634efc2ca88}*SharedItemsImports = 4
		..\..\..\..\Users\garet\OneDrive\Documents\Arduino\libraries\ESPAsyncWebSrv\ESPAsyncWebSrv-1.2.7.vcxitems*{c5f80730-f44f-4478-bdae-6634efc2ca88}*SharedItemsImports = 4
		..\..\..\..\Users\garet\OneDrive\Documents\Arduino\libraries\IguanaLib\IguanaLib-1.0.vcxitems*{c5f80730-f44f-4478-bdae-6634efc2ca88}*SharedItemsImports = 4
		..\..\..\..\Users\garet\OneDrive\Documents\Arduino\libraries\MD_MAX72XX\MD_MAX72XX-3.5.1.vcxitems*{c5f80730-f44f-4478-bdae-6634efc2ca88}*SharedItemsImports = 4
		..\..\..\..\Users\garet\OneDrive\Documents\Arduino\libraries\MD_MAXPanel\MD_MAXPanel-1.4.0.vcxitems*{c5f80730-f44f-4478-bdae-6634efc2ca88}*SharedItemsImports = 4
		..\..\..\..\Users\garet\OneDrive\Documents\Arduino\libraries\WS2812FX\WS2812FX-1.4.2.vcxitems*{c5f80730-f44f-4478-bdae-6634efc2ca88}*SharedItemsImports = 4
		..\..\..\..\Users\garet\OneDrive\Documents\Arduino\libraries\Adafruit_SSD1306\Adafruit_SSD1306-2.5.9.vcxitems*{d9237352-f555-44ca-a5e7-18cb89a3056c}*SharedItemsImports = 9
		..\..\..\..\Users\garet\OneDrive\Documents\Arduino\libraries\Adafruit_GFX_Library\Adafruit_GFX_Library-1.11.9.vcxitems*{e543a3f1-f893-4334-8f36-c229405ee264}*SharedItemsImports = 9
		..\..\..\..\Users\garet\OneDrive\Documents\Arduino\libraries\MD_MAXPanel\MD_MAXPanel-1.4.0.vcxitems*{ea873a34-0c86-4c15-aa29-afda7ed6f97c}*SharedItemsImports = 9
		..\..\..\..\Users\garet\AppData\Local\arduino15\packages\esp32\hardware\esp32\2.0.11\libraries\SPI\SPI-2.0.0.vcxitems*{f5b4f1c9-b41e-4022-b3e3-e5aef51cb4c0}*SharedItemsImports = 9
	EndGlobalSection
EndGlobal
