
Microsoft Visual Studio Solution File, Format Version 12.00
# Visual Studio Version 17
VisualStudioVersion = 17.8.34330.188
MinimumVisualStudioVersion = 10.0.40219.1
Project("{8BC9CEB8-8B4A-11D0-8D11-00A0C91BC942}") = "LEDStrip", "LEDStrip.vcxproj", "{C5F80730-F44F-4478-BDAE-6634EFC2CA88}"
EndProject
Project("{8BC9CEB8-8B4A-11D0-8D11-00A0C91BC942}") = "WS2812FX-1.4.2", "..\..\..\..\Users\garet\OneDrive\Documents\Arduino\libraries\WS2812FX\WS2812FX-1.4.2.vcxitems", "{B399BE81-B494-4800-959D-53966A266120}"
EndProject
Project("{8BC9CEB8-8B4A-11D0-8D11-00A0C91BC942}") = "Adafruit_NeoPixel-1.12.0", "..\..\..\..\Users\garet\OneDrive\Documents\Arduino\libraries\Adafruit_NeoPixel\Adafruit_NeoPixel-1.12.0.vcxitems", "{82C19F80-FF69-40EC-B666-EE0F96158879}"
EndProject
Global
	GlobalSection(SolutionConfigurationPlatforms) = preSolution
		Debug|x86 = Debug|x86
		Release|x86 = Release|x86
	EndGlobalSection
	GlobalSection(ProjectConfigurationPlatforms) = postSolution
		{C5F80730-F44F-4478-BDAE-6634EFC2CA88}.Debug|x86.ActiveCfg = Debug|Win32
		{C5F80730-F44F-4478-BDAE-6634EFC2CA88}.Debug|x86.Build.0 = Debug|Win32
		{C5F80730-F44F-4478-BDAE-6634EFC2CA88}.Release|x86.ActiveCfg = Release|Win32
		{C5F80730-F44F-4478-BDAE-6634EFC2CA88}.Release|x86.Build.0 = Release|Win32
	EndGlobalSection
	GlobalSection(SolutionProperties) = preSolution
		HideSolutionNode = FALSE
	EndGlobalSection
	GlobalSection(ExtensibilityGlobals) = postSolution
		SolutionGuid = {1A58CF81-31E0-4B84-A841-9E2A319AC2D8}
	EndGlobalSection
	GlobalSection(SharedMSBuildProjectFiles) = preSolution
		..\..\..\..\Users\garet\OneDrive\Documents\Arduino\libraries\Adafruit_NeoPixel\Adafruit_NeoPixel-1.12.0.vcxitems*{82c19f80-ff69-40ec-b666-ee0f96158879}*SharedItemsImports = 9
		..\..\..\..\Users\garet\OneDrive\Documents\Arduino\libraries\WS2812FX\WS2812FX-1.4.2.vcxitems*{b399be81-b494-4800-959d-53966a266120}*SharedItemsImports = 9
		..\..\..\..\Users\garet\OneDrive\Documents\Arduino\libraries\Adafruit_NeoPixel\Adafruit_NeoPixel-1.12.0.vcxitems*{c5f80730-f44f-4478-bdae-6634efc2ca88}*SharedItemsImports = 4
		..\..\..\..\Users\garet\OneDrive\Documents\Arduino\libraries\WS2812FX\WS2812FX-1.4.2.vcxitems*{c5f80730-f44f-4478-bdae-6634efc2ca88}*SharedItemsImports = 4
	EndGlobalSection
EndGlobal
